# THIS IS AN AUTOGENERATED FILE. DO NOT EDIT THIS FILE DIRECTLY.
# yarn lockfile v1


"@actions/core@^1.9.1":
  version "1.9.1"
  resolved "https://registry.yarnpkg.com/@actions/core/-/core-1.9.1.tgz#97c0201b1f9856df4f7c3a375cdcdb0c2a2f750b"
  integrity sha512-5ad+U2YGrmmiw6du20AQW5XuWo7UKN2052FjSV7MX+Wfjf8sCqcsZe62NfgHys4QI4/Y+vQvLKYL8jWtA1ZBTA==
  dependencies:
    "@actions/http-client" "^2.0.1"
    uuid "^8.3.2"

"@actions/exec@^1.1.1":
  version "1.1.1"
  resolved "https://registry.yarnpkg.com/@actions/exec/-/exec-1.1.1.tgz#2e43f28c54022537172819a7cf886c844221a611"
  integrity sha512-+sCcHHbVdk93a0XT19ECtO/gIXoxvdsgQLzb2fE2/5sIZmWQuluYyjPQtrtTHdU1YzTZ7bAPN4sITq2xi1679w==
  dependencies:
    "@actions/io" "^1.0.1"

"@actions/http-client@^2.0.1":
  version "2.0.1"
  resolved "https://registry.yarnpkg.com/@actions/http-client/-/http-client-2.0.1.tgz#873f4ca98fe32f6839462a6f046332677322f99c"
  integrity sha512-PIXiMVtz6VvyaRsGY268qvj57hXQEpsYogYOu2nrQhlf+XCGmZstmuZBbAybUl1nQGnvS1k1eEsQ69ZoD7xlSw==
  dependencies:
    tunnel "^0.0.6"

"@actions/io@^1.0.1":
  version "1.1.2"
  resolved "https://registry.yarnpkg.com/@actions/io/-/io-1.1.2.tgz#766ac09674a289ce0f1550ffe0a6eac9261a8ea9"
  integrity sha512-d+RwPlMp+2qmBfeLYPLXuSRykDIFEwdTA0MMxzS9kh4kvP1ftrc/9fzy6pX6qAjthdXruHQ6/6kjT/DNo5ALuw==

"@esbuild/android-arm64@0.16.4":
  version "0.16.4"
  resolved "https://registry.yarnpkg.com/@esbuild/android-arm64/-/android-arm64-0.16.4.tgz#4b31b9e3da2e4c12a8170bd682f713c775f68ab1"
  integrity sha512-VPuTzXFm/m2fcGfN6CiwZTlLzxrKsWbPkG7ArRFpuxyaHUm/XFHQPD4xNwZT6uUmpIHhnSjcaCmcla8COzmZ5Q==

"@esbuild/android-arm@0.16.4":
  version "0.16.4"
  resolved "https://registry.yarnpkg.com/@esbuild/android-arm/-/android-arm-0.16.4.tgz#057d3e8b0ee41ff59386c33ba6dcf20f4bedd1f7"
  integrity sha512-rZzb7r22m20S1S7ufIc6DC6W659yxoOrl7sKP1nCYhuvUlnCFHVSbATG4keGUtV8rDz11sRRDbWkvQZpzPaHiw==

"@esbuild/android-x64@0.16.4":
  version "0.16.4"
  resolved "https://registry.yarnpkg.com/@esbuild/android-x64/-/android-x64-0.16.4.tgz#62ccab8ac1d3e6ef1df3fa2e1974bc2b8528d74a"
  integrity sha512-MW+B2O++BkcOfMWmuHXB15/l1i7wXhJFqbJhp82IBOais8RBEQv2vQz/jHrDEHaY2X0QY7Wfw86SBL2PbVOr0g==

"@esbuild/darwin-arm64@0.16.4":
  version "0.16.4"
  resolved "https://registry.yarnpkg.com/@esbuild/darwin-arm64/-/darwin-arm64-0.16.4.tgz#c19a6489d626c36fc611c85ccd8a3333c1f2a930"
  integrity sha512-a28X1O//aOfxwJVZVs7ZfM8Tyih2Za4nKJrBwW5Wm4yKsnwBy9aiS/xwpxiiTRttw3EaTg4Srerhcm6z0bu9Wg==

"@esbuild/darwin-x64@0.16.4":
  version "0.16.4"
  resolved "https://registry.yarnpkg.com/@esbuild/darwin-x64/-/darwin-x64-0.16.4.tgz#b726bbc84a1e277f6ec2509d10b8ee03f242b776"
  integrity sha512-e3doCr6Ecfwd7VzlaQqEPrnbvvPjE9uoTpxG5pyLzr2rI2NMjDHmvY1E5EO81O/e9TUOLLkXA5m6T8lfjK9yAA==

"@esbuild/freebsd-arm64@0.16.4":
  version "0.16.4"
  resolved "https://registry.yarnpkg.com/@esbuild/freebsd-arm64/-/freebsd-arm64-0.16.4.tgz#364568e6ca2901297f247de0681c9b14bbe658c8"
  integrity sha512-Oup3G/QxBgvvqnXWrBed7xxkFNwAwJVHZcklWyQt7YCAL5bfUkaa6FVWnR78rNQiM8MqqLiT6ZTZSdUFuVIg1w==

"@esbuild/freebsd-x64@0.16.4":
  version "0.16.4"
  resolved "https://registry.yarnpkg.com/@esbuild/freebsd-x64/-/freebsd-x64-0.16.4.tgz#44701ba4a5497ba64eec0a6c9e221d8f46a25e72"
  integrity sha512-vAP+eYOxlN/Bpo/TZmzEQapNS8W1njECrqkTpNgvXskkkJC2AwOXwZWai/Kc2vEFZUXQttx6UJbj9grqjD/+9Q==

"@esbuild/linux-arm64@0.16.4":
  version "0.16.4"
  resolved "https://registry.yarnpkg.com/@esbuild/linux-arm64/-/linux-arm64-0.16.4.tgz#b58fb418ec9ac714d8dbb38c787ff2441eb1d9db"
  integrity sha512-2zXoBhv4r5pZiyjBKrOdFP4CXOChxXiYD50LRUU+65DkdS5niPFHbboKZd/c81l0ezpw7AQnHeoCy5hFrzzs4g==

"@esbuild/linux-arm@0.16.4":
  version "0.16.4"
  resolved "https://registry.yarnpkg.com/@esbuild/linux-arm/-/linux-arm-0.16.4.tgz#b37f15ecddb53eeea466e5960e31a58f33e0e87e"
  integrity sha512-A47ZmtpIPyERxkSvIv+zLd6kNIOtJH03XA0Hy7jaceRDdQaQVGSDt4mZqpWqJYgDk9rg96aglbF6kCRvPGDSUA==

"@esbuild/linux-ia32@0.16.4":
  version "0.16.4"
  resolved "https://registry.yarnpkg.com/@esbuild/linux-ia32/-/linux-ia32-0.16.4.tgz#117e32a9680b5deac184ebee122f8575369fad1b"
  integrity sha512-uxdSrpe9wFhz4yBwt2kl2TxS/NWEINYBUFIxQtaEVtglm1eECvsj1vEKI0KX2k2wCe17zDdQ3v+jVxfwVfvvjw==

"@esbuild/linux-loong64@0.16.4":
  version "0.16.4"
  resolved "https://registry.yarnpkg.com/@esbuild/linux-loong64/-/linux-loong64-0.16.4.tgz#dd504fb83c280752d4b485d9acb3cf391cb7bf5b"
  integrity sha512-peDrrUuxbZ9Jw+DwLCh/9xmZAk0p0K1iY5d2IcwmnN+B87xw7kujOkig6ZRcZqgrXgeRGurRHn0ENMAjjD5DEg==

"@esbuild/linux-mips64el@0.16.4":
  version "0.16.4"
  resolved "https://registry.yarnpkg.com/@esbuild/linux-mips64el/-/linux-mips64el-0.16.4.tgz#9ab77e31cf3be1e35572afff94b51df8149d15bd"
  integrity sha512-sD9EEUoGtVhFjjsauWjflZklTNr57KdQ6xfloO4yH1u7vNQlOfAlhEzbyBKfgbJlW7rwXYBdl5/NcZ+Mg2XhQA==

"@esbuild/linux-ppc64@0.16.4":
  version "0.16.4"
  resolved "https://registry.yarnpkg.com/@esbuild/linux-ppc64/-/linux-ppc64-0.16.4.tgz#69d56c2a960808bee1c7b9b84a115220ec9ce05c"
  integrity sha512-X1HSqHUX9D+d0l6/nIh4ZZJ94eQky8d8z6yxAptpZE3FxCWYWvTDd9X9ST84MGZEJx04VYUD/AGgciddwO0b8g==

"@esbuild/linux-riscv64@0.16.4":
  version "0.16.4"
  resolved "https://registry.yarnpkg.com/@esbuild/linux-riscv64/-/linux-riscv64-0.16.4.tgz#9fc23583f4a1508a8d352bd376340e42217e8a90"
  integrity sha512-97ANpzyNp0GTXCt6SRdIx1ngwncpkV/z453ZuxbnBROCJ5p/55UjhbaG23UdHj88fGWLKPFtMoU4CBacz4j9FA==

"@esbuild/linux-s390x@0.16.4":
  version "0.16.4"
  resolved "https://registry.yarnpkg.com/@esbuild/linux-s390x/-/linux-s390x-0.16.4.tgz#4cae1f70ac2943f076dd130c3c80d28f57bf75d1"
  integrity sha512-pUvPQLPmbEeJRPjP0DYTC1vjHyhrnCklQmCGYbipkep+oyfTn7GTBJXoPodR7ZS5upmEyc8lzAkn2o29wD786A==

"@esbuild/linux-x64@0.16.4":
  version "0.16.4"
  resolved "https://registry.yarnpkg.com/@esbuild/linux-x64/-/linux-x64-0.16.4.tgz#fdf494de07cda23a2dc4b71ff1e0848e4ee6539c"
  integrity sha512-N55Q0mJs3Sl8+utPRPBrL6NLYZKBCLLx0bme/+RbjvMforTGGzFvsRl4xLTZMUBFC1poDzBEPTEu5nxizQ9Nlw==

"@esbuild/netbsd-x64@0.16.4":
  version "0.16.4"
  resolved "https://registry.yarnpkg.com/@esbuild/netbsd-x64/-/netbsd-x64-0.16.4.tgz#b59ecb49087119c575c0f64d7e66001d52799e24"
  integrity sha512-LHSJLit8jCObEQNYkgsDYBh2JrJT53oJO2HVdkSYLa6+zuLJh0lAr06brXIkljrlI+N7NNW1IAXGn/6IZPi3YQ==

"@esbuild/openbsd-x64@0.16.4":
  version "0.16.4"
  resolved "https://registry.yarnpkg.com/@esbuild/openbsd-x64/-/openbsd-x64-0.16.4.tgz#c51e36db875948b7b11d08bafa355605a1aa289c"
  integrity sha512-nLgdc6tWEhcCFg/WVFaUxHcPK3AP/bh+KEwKtl69Ay5IBqUwKDaq/6Xk0E+fh/FGjnLwqFSsarsbPHeKM8t8Sw==

"@esbuild/sunos-x64@0.16.4":
  version "0.16.4"
  resolved "https://registry.yarnpkg.com/@esbuild/sunos-x64/-/sunos-x64-0.16.4.tgz#0b50e941cd44f069e9f2573321aec984244ec228"
  integrity sha512-08SluG24GjPO3tXKk95/85n9kpyZtXCVwURR2i4myhrOfi3jspClV0xQQ0W0PYWHioJj+LejFMt41q+PG3mlAQ==

"@esbuild/win32-arm64@0.16.4":
  version "0.16.4"
  resolved "https://registry.yarnpkg.com/@esbuild/win32-arm64/-/win32-arm64-0.16.4.tgz#d1c93b20f17355ab2221cd18e13ae2f1b68013e3"
  integrity sha512-yYiRDQcqLYQSvNQcBKN7XogbrSvBE45FEQdH8fuXPl7cngzkCvpsG2H9Uey39IjQ6gqqc+Q4VXYHsQcKW0OMjQ==

"@esbuild/win32-ia32@0.16.4":
  version "0.16.4"
  resolved "https://registry.yarnpkg.com/@esbuild/win32-ia32/-/win32-ia32-0.16.4.tgz#df5910e76660e0acbbdceb8d4ae6bf1efeade6ae"
  integrity sha512-5rabnGIqexekYkh9zXG5waotq8mrdlRoBqAktjx2W3kb0zsI83mdCwrcAeKYirnUaTGztR5TxXcXmQrEzny83w==

"@esbuild/win32-x64@0.16.4":
  version "0.16.4"
  resolved "https://registry.yarnpkg.com/@esbuild/win32-x64/-/win32-x64-0.16.4.tgz#6ec594468610c176933da1387c609558371d37e0"
  integrity sha512-sN/I8FMPtmtT2Yw+Dly8Ur5vQ5a/RmC8hW7jO9PtPSQUPkowxWpcUZnqOggU7VwyT3Xkj6vcXWd3V/qTXwultQ==

"@types/node@^18.7.15":
  version "18.7.15"
  resolved "https://registry.yarnpkg.com/@types/node/-/node-18.7.15.tgz#20ae1ec80c57ee844b469f968a1cd511d4088b29"
  integrity sha512-XnjpaI8Bgc3eBag2Aw4t2Uj/49lLBSStHWfqKvIuXD7FIrZyMLWp8KuAFHAqxMZYTF9l08N1ctUn9YNybZJVmQ==

cross-spawn@^7.0.3:
  version "7.0.3"
  resolved "https://registry.yarnpkg.com/cross-spawn/-/cross-spawn-7.0.3.tgz#f73a85b9d5d41d045551c177e2882d4ac85728a6"
  integrity sha512-iRDPJKUPVEND7dHPO8rkbOnPpyDygcDFtWjpeWNCgy8WP2rXcxXL8TskReQl6OrB2G7+UJrags1q15Fudc7G6w==
  dependencies:
    path-key "^3.1.0"
    shebang-command "^2.0.0"
    which "^2.0.1"

destr@^1.2.1:
  version "1.2.1"
  resolved "https://registry.yarnpkg.com/destr/-/destr-1.2.1.tgz#03f2e7cbcd01f9190938d05718948de9d7dfb71a"
  integrity sha512-ud8w0qMLlci6iFG7CNgeRr8OcbUWMsbfjtWft1eJ5Luqrz/M8Ebqk/KCzne8rKUlIQWWfLv0wD6QHrqOf4GshA==

esbuild@^0.16.4:
  version "0.16.4"
  resolved "https://registry.yarnpkg.com/esbuild/-/esbuild-0.16.4.tgz#06c86298d233386f5e41bcc14d36086daf3f40bd"
  integrity sha512-qQrPMQpPTWf8jHugLWHoGqZjApyx3OEm76dlTXobHwh/EBbavbRdjXdYi/GWr43GyN0sfpap14GPkb05NH3ROA==
  optionalDependencies:
    "@esbuild/android-arm" "0.16.4"
    "@esbuild/android-arm64" "0.16.4"
    "@esbuild/android-x64" "0.16.4"
    "@esbuild/darwin-arm64" "0.16.4"
    "@esbuild/darwin-x64" "0.16.4"
    "@esbuild/freebsd-arm64" "0.16.4"
    "@esbuild/freebsd-x64" "0.16.4"
    "@esbuild/linux-arm" "0.16.4"
    "@esbuild/linux-arm64" "0.16.4"
    "@esbuild/linux-ia32" "0.16.4"
    "@esbuild/linux-loong64" "0.16.4"
    "@esbuild/linux-mips64el" "0.16.4"
    "@esbuild/linux-ppc64" "0.16.4"
    "@esbuild/linux-riscv64" "0.16.4"
    "@esbuild/linux-s390x" "0.16.4"
    "@esbuild/linux-x64" "0.16.4"
    "@esbuild/netbsd-x64" "0.16.4"
    "@esbuild/openbsd-x64" "0.16.4"
    "@esbuild/sunos-x64" "0.16.4"
    "@esbuild/win32-arm64" "0.16.4"
    "@esbuild/win32-ia32" "0.16.4"
    "@esbuild/win32-x64" "0.16.4"

execa@^6.1.0:
  version "6.1.0"
  resolved "https://registry.yarnpkg.com/execa/-/execa-6.1.0.tgz#cea16dee211ff011246556388effa0818394fb20"
  integrity sha512-QVWlX2e50heYJcCPG0iWtf8r0xjEYfz/OYLGDYH+IyjWezzPNxz63qNFOu0l4YftGWuizFVZHHs8PrLU5p2IDA==
  dependencies:
    cross-spawn "^7.0.3"
    get-stream "^6.0.1"
    human-signals "^3.0.1"
    is-stream "^3.0.0"
    merge-stream "^2.0.0"
    npm-run-path "^5.1.0"
    onetime "^6.0.0"
    signal-exit "^3.0.7"
    strip-final-newline "^3.0.0"

get-stream@^6.0.1:
  version "6.0.1"
  resolved "https://registry.yarnpkg.com/get-stream/-/get-stream-6.0.1.tgz#a262d8eef67aced57c2852ad6167526a43cbf7b7"
  integrity sha512-ts6Wi+2j3jQjqi70w5AlN8DFnkSwC+MqmxEzdEALB2qXZYV3X/b1CTfgPLGJNMeAWxdPfU8FO1ms3NUfaHCPYg==

human-signals@^3.0.1:
  version "3.0.1"
  resolved "https://registry.yarnpkg.com/human-signals/-/human-signals-3.0.1.tgz#c740920859dafa50e5a3222da9d3bf4bb0e5eef5"
  integrity sha512-rQLskxnM/5OCldHo+wNXbpVgDn5A17CUoKX+7Sokwaknlq7CdSnphy0W39GU8dw59XiCXmFXDg4fRuckQRKewQ==

is-stream@^3.0.0:
  version "3.0.0"
  resolved "https://registry.yarnpkg.com/is-stream/-/is-stream-3.0.0.tgz#e6bfd7aa6bef69f4f472ce9bb681e3e57b4319ac"
  integrity sha512-LnQR4bZ9IADDRSkvpqMGvt/tEJWclzklNgSw48V5EAaAeDd6qGvN8ei6k5p0tvxSR171VmGyHuTiAOfxAbr8kA==

isexe@^2.0.0:
  version "2.0.0"
  resolved "https://registry.yarnpkg.com/isexe/-/isexe-2.0.0.tgz#e8fbf374dc556ff8947a10dcb0572d633f2cfa10"
  integrity sha512-RHxMLp9lnKHGHRng9QFhRCMbYAcVpn69smSGcq3f36xjgVVWThj4qqLbTLlq7Ssj8B+fIQ1EuCEGI2lKsyQeIw==

kleur@^4.1.5:
  version "4.1.5"
  resolved "https://registry.yarnpkg.com/kleur/-/kleur-4.1.5.tgz#95106101795f7050c6c650f350c683febddb1780"
  integrity sha512-o+NO+8WrRiQEE4/7nwRJhN1HWpVmJm511pBHUxPLtp0BUISzlBplORYSmTclCnJvQq2tKu/sgl3xVpkc7ZWuQQ==

merge-stream@^2.0.0:
  version "2.0.0"
  resolved "https://registry.yarnpkg.com/merge-stream/-/merge-stream-2.0.0.tgz#52823629a14dd00c9770fb6ad47dc6310f2c1f60"
  integrity sha512-abv/qOcuPfk3URPfDzmZU1LKmuw8kT+0nIHvKrKgFrwifol/doWcdA4ZqsWQ8ENrFKkd67Mfpo/LovbIUsbt3w==

mimic-fn@^4.0.0:
  version "4.0.0"
  resolved "https://registry.yarnpkg.com/mimic-fn/-/mimic-fn-4.0.0.tgz#60a90550d5cb0b239cca65d893b1a53b29871ecc"
  integrity sha512-vqiC06CuhBTUdZH+RYl8sFrL096vA45Ok5ISO6sE/Mr1jRbGH4Csnhi8f3wKVl7x8mO4Au7Ir9D3Oyv1VYMFJw==

node-fetch-native@^1.0.1:
  version "1.0.1"
  resolved "https://registry.yarnpkg.com/node-fetch-native/-/node-fetch-native-1.0.1.tgz#1dfe78f57545d07e07016b7df4c0cb9d2ff416c7"
  integrity sha512-VzW+TAk2wE4X9maiKMlT+GsPU4OMmR1U9CrHSmd3DFLn2IcZ9VJ6M6BBugGfYUnPCLSYxXdZy17M0BEJyhUTwg==

npm-run-path@^5.1.0:
  version "5.1.0"
  resolved "https://registry.yarnpkg.com/npm-run-path/-/npm-run-path-5.1.0.tgz#bc62f7f3f6952d9894bd08944ba011a6ee7b7e00"
  integrity sha512-sJOdmRGrY2sjNTRMbSvluQqg+8X7ZK61yvzBEIDhz4f8z1TZFYABsqjjCBd/0PUNE9M6QDgHJXQkGUEm7Q+l9Q==
  dependencies:
    path-key "^4.0.0"

ofetch@^1.0.0:
  version "1.0.0"
  resolved "https://registry.yarnpkg.com/ofetch/-/ofetch-1.0.0.tgz#5a2604cdcb33349900e4f73ffe44de449a61101a"
  integrity sha512-d40aof8czZFSQKJa4+F7Ch3UC5D631cK1TTUoK+iNEut9NoiCL+u0vykl/puYVUS2df4tIQl5upQcolIcEzQjQ==
  dependencies:
    destr "^1.2.1"
    node-fetch-native "^1.0.1"
    ufo "^1.0.0"

onetime@^6.0.0:
  version "6.0.0"
  resolved "https://registry.yarnpkg.com/onetime/-/onetime-6.0.0.tgz#7c24c18ed1fd2e9bca4bd26806a33613c77d34b4"
  integrity sha512-1FlR+gjXK7X+AsAHso35MnyN5KqGwJRi/31ft6x0M194ht7S+rWAvd7PHss9xSKMzE0asv1pyIHaJYq+BbacAQ==
  dependencies:
    mimic-fn "^4.0.0"

path-key@^3.1.0:
  version "3.1.1"
  resolved "https://registry.yarnpkg.com/path-key/-/path-key-3.1.1.tgz#581f6ade658cbba65a0d3380de7753295054f375"
  integrity sha512-ojmeN0qd+y0jszEtoY48r0Peq5dwMEkIlCOu6Q5f41lfkswXuKtYrhgoTpLnyIcHm24Uhqx+5Tqm2InSwLhE6Q==

path-key@^4.0.0:
  version "4.0.0"
  resolved "https://registry.yarnpkg.com/path-key/-/path-key-4.0.0.tgz#295588dc3aee64154f877adb9d780b81c554bf18"
  integrity sha512-haREypq7xkM7ErfgIyA0z+Bj4AGKlMSdlQE2jvJo6huWD1EdkKYV+G/T4nq0YEF2vgTT8kqMFKo1uHn950r4SQ==

shebang-command@^2.0.0:
  version "2.0.0"
  resolved "https://registry.yarnpkg.com/shebang-command/-/shebang-command-2.0.0.tgz#ccd0af4f8835fbdc265b82461aaf0c36663f34ea"
  integrity sha512-kHxr2zZpYtdmrN1qDjrrX/Z1rR1kG8Dx+gkpK1G4eXmvXswmcE1hTWBWYUzlraYw1/yZp6YuDY77YtvbN0dmDA==
  dependencies:
    shebang-regex "^3.0.0"

shebang-regex@^3.0.0:
  version "3.0.0"
  resolved "https://registry.yarnpkg.com/shebang-regex/-/shebang-regex-3.0.0.tgz#ae16f1644d873ecad843b0307b143362d4c42172"
  integrity sha512-7++dFhtcx3353uBaq8DDR4NuxBetBzC7ZQOhmTQInHEd6bSrXdiEyzCvG07Z44UYdLShWUyXt5M/yhz8ekcb1A==

signal-exit@^3.0.7:
  version "3.0.7"
  resolved "https://registry.yarnpkg.com/signal-exit/-/signal-exit-3.0.7.tgz#a9a1767f8af84155114eaabd73f99273c8f59ad9"
  integrity sha512-wnD2ZE+l+SPC/uoS0vXeE9L1+0wuaMqKlfz9AMUo38JsyLSBWSFcHR1Rri62LZc12vLr1gb3jl7iwQhgwpAbGQ==

strip-final-newline@^3.0.0:
  version "3.0.0"
  resolved "https://registry.yarnpkg.com/strip-final-newline/-/strip-final-newline-3.0.0.tgz#52894c313fbff318835280aed60ff71ebf12b8fd"
  integrity sha512-dOESqjYr96iWYylGObzd39EuNTa5VJxyvVAEm5Jnh7KGo75V43Hk1odPQkNDyXNmUR6k+gEiDVXnjB8HJ3crXw==

tunnel@^0.0.6:
  version "0.0.6"
  resolved "https://registry.yarnpkg.com/tunnel/-/tunnel-0.0.6.tgz#72f1314b34a5b192db012324df2cc587ca47f92c"
  integrity sha512-1h/Lnq9yajKY2PEbBadPXj3VxsDDu844OnaAo52UVmIzIvwwtBPIuNvkjuzBlTWpfJyUbG3ez0KSBibQkj4ojg==

typescript@^4.8.2:
  version "4.8.2"
  resolved "https://registry.yarnpkg.com/typescript/-/typescript-4.8.2.tgz#e3b33d5ccfb5914e4eeab6699cf208adee3fd790"
  integrity sha512-C0I1UsrrDHo2fYI5oaCGbSejwX4ch+9Y5jTQELvovfmFkK3HHSZJB8MSJcWLmCUBzQBchCrZ9rMRV6GuNrvGtw==

ufo@^1.0.0:
  version "1.0.0"
  resolved "https://registry.yarnpkg.com/ufo/-/ufo-1.0.0.tgz#eb64f4c8797d6aa6c710a836abab0bade9d11ca6"
  integrity sha512-DRty0ZBNlJ2R59y4mEupJRKLbkLQsc4qtxjpQv78AwEDuBkaUogMc2LkeqW3HddFlw6NwnXYfdThEZOiNgkmmQ==

uuid@^8.3.2:
  version "8.3.2"
  resolved "https://registry.yarnpkg.com/uuid/-/uuid-8.3.2.tgz#80d5b5ced271bb9af6c445f21a1a04c606cefbe2"
  integrity sha512-+NYs2QeMWy+GWFOEm9xnn6HCDp0l7QBD7ml8zLUmJ+93Q5NF0NocErnwkTkXVFNiX3/fpC6afS8Dhb/gz7R7eg==

which@^2.0.1:
  version "2.0.2"
  resolved "https://registry.yarnpkg.com/which/-/which-2.0.2.tgz#7c6a8dd0a636a0327e10b59c9286eee93f3f51b1"
  integrity sha512-BLI3Tl1TW3Pvl70l3yq3Y64i+awpwXqsGBYWkkqMtnbXgrMD+yj7rhW0kuEDxzJaYXGjEW5ogapKNMEKNMjibA==
  dependencies:
    isexe "^2.0.0"
